// !$*UTF8*$!
{
	archiveVersion = 1;
	classes = {
	};
	objectVersion = 50;
	objects = {

/* Begin PBXBuildFile section */
		3D55C94F23705A41006A5FDB /* AppDelegate.m in Sources */ = {isa = PBXBuildFile; fileRef = 3D55C94E23705A41006A5FDB /* AppDelegate.m */; };
		3D55C95223705A41006A5FDB /* ViewController.m in Sources */ = {isa = PBXBuildFile; fileRef = 3D55C95123705A41006A5FDB /* ViewController.m */; };
		3D55C95523705A41006A5FDB /* Main.storyboard in Resources */ = {isa = PBXBuildFile; fileRef = 3D55C95323705A41006A5FDB /* Main.storyboard */; };
		3D55C95723705A48006A5FDB /* Assets.xcassets in Resources */ = {isa = PBXBuildFile; fileRef = 3D55C95623705A48006A5FDB /* Assets.xcassets */; };
		3D55C95A23705A48006A5FDB /* LaunchScreen.storyboard in Resources */ = {isa = PBXBuildFile; fileRef = 3D55C95823705A48006A5FDB /* LaunchScreen.storyboard */; };
		3D55C95D23705A48006A5FDB /* main.m in Sources */ = {isa = PBXBuildFile; fileRef = 3D55C95C23705A48006A5FDB /* main.m */; };
		3D5692A523B894DB003D941A /* UIButton+Hook.m in Sources */ = {isa = PBXBuildFile; fileRef = 3D5692A423B894DB003D941A /* UIButton+Hook.m */; };
		3D5692A823B89F70003D941A /* User.m in Sources */ = {isa = PBXBuildFile; fileRef = 3D5692A723B89F70003D941A /* User.m */; };
		3D5692AC23B8E323003D941A /* StudentModel.m in Sources */ = {isa = PBXBuildFile; fileRef = 3D5692AB23B8E323003D941A /* StudentModel.m */; };
		3D5692B523B8EFE8003D941A /* NSObject+WJExtension.m in Sources */ = {isa = PBXBuildFile; fileRef = 3D5692B423B8EFE8003D941A /* NSObject+WJExtension.m */; };
		3D5692B823BD18AF003D941A /* MessageView.m in Sources */ = {isa = PBXBuildFile; fileRef = 3D5692B723BD18AE003D941A /* MessageView.m */; };
		3D5896CA23BEDE9200F954A9 /* SurprisedView.swift in Sources */ = {isa = PBXBuildFile; fileRef = 3D5896C923BEDE9200F954A9 /* SurprisedView.swift */; };
		3D675AC42373175C0008D23A /* SurprisedView.m in Sources */ = {isa = PBXBuildFile; fileRef = 3D675AC32373175C0008D23A /* SurprisedView.m */; };
		3D8190D223BDD71800AD57CD /* AppDelegate.swift in Sources */ = {isa = PBXBuildFile; fileRef = 3D8190D123BDD71800AD57CD /* AppDelegate.swift */; };
		3D8190D423BDD71800AD57CD /* SceneDelegate.swift in Sources */ = {isa = PBXBuildFile; fileRef = 3D8190D323BDD71800AD57CD /* SceneDelegate.swift */; };
		3D8190D623BDD71800AD57CD /* ViewController.swift in Sources */ = {isa = PBXBuildFile; fileRef = 3D8190D523BDD71800AD57CD /* ViewController.swift */; };
		3D8190D923BDD71800AD57CD /* Main.storyboard in Resources */ = {isa = PBXBuildFile; fileRef = 3D8190D723BDD71800AD57CD /* Main.storyboard */; };
		3D8190DB23BDD71F00AD57CD /* Assets.xcassets in Resources */ = {isa = PBXBuildFile; fileRef = 3D8190DA23BDD71F00AD57CD /* Assets.xcassets */; };
		3D8190DE23BDD71F00AD57CD /* LaunchScreen.storyboard in Resources */ = {isa = PBXBuildFile; fileRef = 3D8190DC23BDD71F00AD57CD /* LaunchScreen.storyboard */; };
		3DE06CF62379B3B400AE7DB8 /* DescriptionViewController.m in Sources */ = {isa = PBXBuildFile; fileRef = 3DE06CF52379B3B400AE7DB8 /* DescriptionViewController.m */; };
/* End PBXBuildFile section */

/* Begin PBXFileReference section */
		3D55C94A23705A41006A5FDB /* RuntimeDemo.app */ = {isa = PBXFileReference; explicitFileType = wrapper.application; includeInIndex = 0; path = RuntimeDemo.app; sourceTree = BUILT_PRODUCTS_DIR; };
		3D55C94D23705A41006A5FDB /* AppDelegate.h */ = {isa = PBXFileReference; lastKnownFileType = sourcecode.c.h; path = AppDelegate.h; sourceTree = "<group>"; };
		3D55C94E23705A41006A5FDB /* AppDelegate.m */ = {isa = PBXFileReference; lastKnownFileType = sourcecode.c.objc; path = AppDelegate.m; sourceTree = "<group>"; };
		3D55C95023705A41006A5FDB /* ViewController.h */ = {isa = PBXFileReference; lastKnownFileType = sourcecode.c.h; path = ViewController.h; sourceTree = "<group>"; };
		3D55C95123705A41006A5FDB /* ViewController.m */ = {isa = PBXFileReference; lastKnownFileType = sourcecode.c.objc; path = ViewController.m; sourceTree = "<group>"; };
		3D55C95423705A41006A5FDB /* Base */ = {isa = PBXFileReference; lastKnownFileType = file.storyboard; name = Base; path = Base.lproj/Main.storyboard; sourceTree = "<group>"; };
		3D55C95623705A48006A5FDB /* Assets.xcassets */ = {isa = PBXFileReference; lastKnownFileType = folder.assetcatalog; path = Assets.xcassets; sourceTree = "<group>"; };
		3D55C95923705A48006A5FDB /* Base */ = {isa = PBXFileReference; lastKnownFileType = file.storyboard; name = Base; path = Base.lproj/LaunchScreen.storyboard; sourceTree = "<group>"; };
		3D55C95B23705A48006A5FDB /* Info.plist */ = {isa = PBXFileReference; lastKnownFileType = text.plist.xml; path = Info.plist; sourceTree = "<group>"; };
		3D55C95C23705A48006A5FDB /* main.m */ = {isa = PBXFileReference; lastKnownFileType = sourcecode.c.objc; path = main.m; sourceTree = "<group>"; };
		3D5692A323B894DB003D941A /* UIButton+Hook.h */ = {isa = PBXFileReference; lastKnownFileType = sourcecode.c.h; path = "UIButton+Hook.h"; sourceTree = "<group>"; };
		3D5692A423B894DB003D941A /* UIButton+Hook.m */ = {isa = PBXFileReference; lastKnownFileType = sourcecode.c.objc; path = "UIButton+Hook.m"; sourceTree = "<group>"; };
		3D5692A623B89F70003D941A /* User.h */ = {isa = PBXFileReference; lastKnownFileType = sourcecode.c.h; path = User.h; sourceTree = "<group>"; };
		3D5692A723B89F70003D941A /* User.m */ = {isa = PBXFileReference; lastKnownFileType = sourcecode.c.objc; path = User.m; sourceTree = "<group>"; };
		3D5692A923B8DE9A003D941A /* CustomMacro.h */ = {isa = PBXFileReference; lastKnownFileType = sourcecode.c.h; path = CustomMacro.h; sourceTree = "<group>"; };
		3D5692AA23B8E323003D941A /* StudentModel.h */ = {isa = PBXFileReference; lastKnownFileType = sourcecode.c.h; path = StudentModel.h; sourceTree = "<group>"; };
		3D5692AB23B8E323003D941A /* StudentModel.m */ = {isa = PBXFileReference; lastKnownFileType = sourcecode.c.objc; path = StudentModel.m; sourceTree = "<group>"; };
		3D5692B323B8EFE8003D941A /* NSObject+WJExtension.h */ = {isa = PBXFileReference; lastKnownFileType = sourcecode.c.h; path = "NSObject+WJExtension.h"; sourceTree = "<group>"; };
		3D5692B423B8EFE8003D941A /* NSObject+WJExtension.m */ = {isa = PBXFileReference; lastKnownFileType = sourcecode.c.objc; path = "NSObject+WJExtension.m"; sourceTree = "<group>"; };
		3D5692B623BD18AE003D941A /* MessageView.h */ = {isa = PBXFileReference; lastKnownFileType = sourcecode.c.h; path = MessageView.h; sourceTree = "<group>"; };
		3D5692B723BD18AE003D941A /* MessageView.m */ = {isa = PBXFileReference; lastKnownFileType = sourcecode.c.objc; path = MessageView.m; sourceTree = "<group>"; };
		3D5896C923BEDE9200F954A9 /* SurprisedView.swift */ = {isa = PBXFileReference; lastKnownFileType = sourcecode.swift; path = SurprisedView.swift; sourceTree = "<group>"; };
		3D675AC22373175C0008D23A /* SurprisedView.h */ = {isa = PBXFileReference; lastKnownFileType = sourcecode.c.h; path = SurprisedView.h; sourceTree = "<group>"; };
		3D675AC32373175C0008D23A /* SurprisedView.m */ = {isa = PBXFileReference; lastKnownFileType = sourcecode.c.objc; path = SurprisedView.m; sourceTree = "<group>"; };
		3D8190CF23BDD71800AD57CD /* Swift-RuntimeDemo.app */ = {isa = PBXFileReference; explicitFileType = wrapper.application; includeInIndex = 0; path = "Swift-RuntimeDemo.app"; sourceTree = BUILT_PRODUCTS_DIR; };
		3D8190D123BDD71800AD57CD /* AppDelegate.swift */ = {isa = PBXFileReference; lastKnownFileType = sourcecode.swift; path = AppDelegate.swift; sourceTree = "<group>"; };
		3D8190D323BDD71800AD57CD /* SceneDelegate.swift */ = {isa = PBXFileReference; lastKnownFileType = sourcecode.swift; path = SceneDelegate.swift; sourceTree = "<group>"; };
		3D8190D523BDD71800AD57CD /* ViewController.swift */ = {isa = PBXFileReference; lastKnownFileType = sourcecode.swift; path = ViewController.swift; sourceTree = "<group>"; };
		3D8190D823BDD71800AD57CD /* Base */ = {isa = PBXFileReference; lastKnownFileType = file.storyboard; name = Base; path = Base.lproj/Main.storyboard; sourceTree = "<group>"; };
		3D8190DA23BDD71F00AD57CD /* Assets.xcassets */ = {isa = PBXFileReference; lastKnownFileType = folder.assetcatalog; path = Assets.xcassets; sourceTree = "<group>"; };
		3D8190DD23BDD71F00AD57CD /* Base */ = {isa = PBXFileReference; lastKnownFileType = file.storyboard; name = Base; path = Base.lproj/LaunchScreen.storyboard; sourceTree = "<group>"; };
		3D8190DF23BDD71F00AD57CD /* Info.plist */ = {isa = PBXFileReference; lastKnownFileType = text.plist.xml; path = Info.plist; sourceTree = "<group>"; };
		3DE06CF42379B3B400AE7DB8 /* DescriptionViewController.h */ = {isa = PBXFileReference; lastKnownFileType = sourcecode.c.h; path = DescriptionViewController.h; sourceTree = "<group>"; };
		3DE06CF52379B3B400AE7DB8 /* DescriptionViewController.m */ = {isa = PBXFileReference; lastKnownFileType = sourcecode.c.objc; path = DescriptionViewController.m; sourceTree = "<group>"; };
/* End PBXFileReference section */

/* Begin PBXFrameworksBuildPhase section */
		3D55C94723705A41006A5FDB /* Frameworks */ = {
			isa = PBXFrameworksBuildPhase;
			buildActionMask = 2147483647;
			files = (
			);
			runOnlyForDeploymentPostprocessing = 0;
		};
		3D8190CC23BDD71800AD57CD /* Frameworks */ = {
			isa = PBXFrameworksBuildPhase;
			buildActionMask = 2147483647;
			files = (
			);
			runOnlyForDeploymentPostprocessing = 0;
		};
/* End PBXFrameworksBuildPhase section */

/* Begin PBXGroup section */
		3D55C94123705A41006A5FDB = {
			isa = PBXGroup;
			children = (
				3D55C94C23705A41006A5FDB /* RuntimeDemo */,
				3D8190D023BDD71800AD57CD /* Swift-RuntimeDemo */,
				3D55C94B23705A41006A5FDB /* Products */,
			);
			sourceTree = "<group>";
		};
		3D55C94B23705A41006A5FDB /* Products */ = {
			isa = PBXGroup;
			children = (
				3D55C94A23705A41006A5FDB /* RuntimeDemo.app */,
				3D8190CF23BDD71800AD57CD /* Swift-RuntimeDemo.app */,
			);
			name = Products;
			sourceTree = "<group>";
		};
		3D55C94C23705A41006A5FDB /* RuntimeDemo */ = {
			isa = PBXGroup;
			children = (
				3D55C94D23705A41006A5FDB /* AppDelegate.h */,
				3D55C94E23705A41006A5FDB /* AppDelegate.m */,
				3D55C95023705A41006A5FDB /* ViewController.h */,
				3D55C95123705A41006A5FDB /* ViewController.m */,
				3D55C95323705A41006A5FDB /* Main.storyboard */,
				3D55C95623705A48006A5FDB /* Assets.xcassets */,
				3D55C95823705A48006A5FDB /* LaunchScreen.storyboard */,
				3D55C95B23705A48006A5FDB /* Info.plist */,
				3D55C95C23705A48006A5FDB /* main.m */,
				3D675AC22373175C0008D23A /* SurprisedView.h */,
				3D675AC32373175C0008D23A /* SurprisedView.m */,
				3DE06CF42379B3B400AE7DB8 /* DescriptionViewController.h */,
				3DE06CF52379B3B400AE7DB8 /* DescriptionViewController.m */,
				3D5692A323B894DB003D941A /* UIButton+Hook.h */,
				3D5692A423B894DB003D941A /* UIButton+Hook.m */,
				3D5692A623B89F70003D941A /* User.h */,
				3D5692A723B89F70003D941A /* User.m */,
				3D5692A923B8DE9A003D941A /* CustomMacro.h */,
				3D5692AA23B8E323003D941A /* StudentModel.h */,
				3D5692AB23B8E323003D941A /* StudentModel.m */,
				3D5692B323B8EFE8003D941A /* NSObject+WJExtension.h */,
				3D5692B423B8EFE8003D941A /* NSObject+WJExtension.m */,
				3D5692B623BD18AE003D941A /* MessageView.h */,
				3D5692B723BD18AE003D941A /* MessageView.m */,
			);
			path = RuntimeDemo;
			sourceTree = "<group>";
		};
		3D8190D023BDD71800AD57CD /* Swift-RuntimeDemo */ = {
			isa = PBXGroup;
			children = (
				3D8190D123BDD71800AD57CD /* AppDelegate.swift */,
				3D8190D323BDD71800AD57CD /* SceneDelegate.swift */,
				3D8190D523BDD71800AD57CD /* ViewController.swift */,
				3D8190D723BDD71800AD57CD /* Main.storyboard */,
				3D8190DA23BDD71F00AD57CD /* Assets.xcassets */,
				3D8190DC23BDD71F00AD57CD /* LaunchScreen.storyboard */,
				3D8190DF23BDD71F00AD57CD /* Info.plist */,
				3D5896C923BEDE9200F954A9 /* SurprisedView.swift */,
			);
			path = "Swift-RuntimeDemo";
			sourceTree = "<group>";
		};
/* End PBXGroup section */

/* Begin PBXNativeTarget section */
		3D55C94923705A41006A5FDB /* RuntimeDemo */ = {
			isa = PBXNativeTarget;
			buildConfigurationList = 3D55C96023705A48006A5FDB /* Build configuration list for PBXNativeTarget "RuntimeDemo" */;
			buildPhases = (
				3D55C94623705A41006A5FDB /* Sources */,
				3D55C94723705A41006A5FDB /* Frameworks */,
				3D55C94823705A41006A5FDB /* Resources */,
			);
			buildRules = (
			);
			dependencies = (
			);
			name = RuntimeDemo;
			productName = RuntimeDemo;
			productReference = 3D55C94A23705A41006A5FDB /* RuntimeDemo.app */;
			productType = "com.apple.product-type.application";
		};
		3D8190CE23BDD71800AD57CD /* Swift-RuntimeDemo */ = {
			isa = PBXNativeTarget;
			buildConfigurationList = 3D8190E023BDD71F00AD57CD /* Build configuration list for PBXNativeTarget "Swift-RuntimeDemo" */;
			buildPhases = (
				3D8190CB23BDD71800AD57CD /* Sources */,
				3D8190CC23BDD71800AD57CD /* Frameworks */,
				3D8190CD23BDD71800AD57CD /* Resources */,
			);
			buildRules = (
			);
			dependencies = (
			);
			name = "Swift-RuntimeDemo";
			productName = "Swift-RuntimeDemo";
			productReference = 3D8190CF23BDD71800AD57CD /* Swift-RuntimeDemo.app */;
			productType = "com.apple.product-type.application";
		};
/* End PBXNativeTarget section */

/* Begin PBXProject section */
		3D55C94223705A41006A5FDB /* Project object */ = {
			isa = PBXProject;
			attributes = {
				LastSwiftUpdateCheck = 1120;
				LastUpgradeCheck = 1030;
				ORGANIZATIONNAME = "贺文杰";
				TargetAttributes = {
					3D55C94923705A41006A5FDB = {
						CreatedOnToolsVersion = 10.3;
					};
					3D8190CE23BDD71800AD57CD = {
						CreatedOnToolsVersion = 11.2.1;
					};
				};
			};
			buildConfigurationList = 3D55C94523705A41006A5FDB /* Build configuration list for PBXProject "RuntimeDemo" */;
			compatibilityVersion = "Xcode 9.3";
			developmentRegion = en;
			hasScannedForEncodings = 0;
			knownRegions = (
				en,
				Base,
			);
			mainGroup = 3D55C94123705A41006A5FDB;
			productRefGroup = 3D55C94B23705A41006A5FDB /* Products */;
			projectDirPath = "";
			projectRoot = "";
			targets = (
				3D55C94923705A41006A5FDB /* RuntimeDemo */,
				3D8190CE23BDD71800AD57CD /* Swift-RuntimeDemo */,
			);
		};
/* End PBXProject section */

/* Begin PBXResourcesBuildPhase section */
		3D55C94823705A41006A5FDB /* Resources */ = {
			isa = PBXResourcesBuildPhase;
			buildActionMask = 2147483647;
			files = (
				3D55C95A23705A48006A5FDB /* LaunchScreen.storyboard in Resources */,
				3D55C95723705A48006A5FDB /* Assets.xcassets in Resources */,
				3D55C95523705A41006A5FDB /* Main.storyboard in Resources */,
			);
			runOnlyForDeploymentPostprocessing = 0;
		};
		3D8190CD23BDD71800AD57CD /* Resources */ = {
			isa = PBXResourcesBuildPhase;
			buildActionMask = 2147483647;
			files = (
				3D8190DE23BDD71F00AD57CD /* LaunchScreen.storyboard in Resources */,
				3D8190DB23BDD71F00AD57CD /* Assets.xcassets in Resources */,
				3D8190D923BDD71800AD57CD /* Main.storyboard in Resources */,
			);
			runOnlyForDeploymentPostprocessing = 0;
		};
/* End PBXResourcesBuildPhase section */

/* Begin PBXSourcesBuildPhase section */
		3D55C94623705A41006A5FDB /* Sources */ = {
			isa = PBXSourcesBuildPhase;
			buildActionMask = 2147483647;
			files = (
				3D55C94F23705A41006A5FDB /* AppDelegate.m in Sources */,
				3D55C95223705A41006A5FDB /* ViewController.m in Sources */,
				3D5692A823B89F70003D941A /* User.m in Sources */,
				3DE06CF62379B3B400AE7DB8 /* DescriptionViewController.m in Sources */,
				3D55C95D23705A48006A5FDB /* main.m in Sources */,
				3D5692A523B894DB003D941A /* UIButton+Hook.m in Sources */,
				3D5692B523B8EFE8003D941A /* NSObject+WJExtension.m in Sources */,
				3D675AC42373175C0008D23A /* SurprisedView.m in Sources */,
				3D5692AC23B8E323003D941A /* StudentModel.m in Sources */,
				3D5692B823BD18AF003D941A /* MessageView.m in Sources */,
			);
			runOnlyForDeploymentPostprocessing = 0;
		};
		3D8190CB23BDD71800AD57CD /* Sources */ = {
			isa = PBXSourcesBuildPhase;
			buildActionMask = 2147483647;
			files = (
				3D8190D623BDD71800AD57CD /* ViewController.swift in Sources */,
				3D8190D223BDD71800AD57CD /* AppDelegate.swift in Sources */,
				3D5896CA23BEDE9200F954A9 /* SurprisedView.swift in Sources */,
				3D8190D423BDD71800AD57CD /* SceneDelegate.swift in Sources */,
			);
			runOnlyForDeploymentPostprocessing = 0;
		};
/* End PBXSourcesBuildPhase section */

/* Begin PBXVariantGroup section */
		3D55C95323705A41006A5FDB /* Main.storyboard */ = {
			isa = PBXVariantGroup;
			children = (
				3D55C95423705A41006A5FDB /* Base */,
			);
			name = Main.storyboard;
			sourceTree = "<group>";
		};
		3D55C95823705A48006A5FDB /* LaunchScreen.storyboard */ = {
			isa = PBXVariantGroup;
			children = (
				3D55C95923705A48006A5FDB /* Base */,
			);
			name = LaunchScreen.storyboard;
			sourceTree = "<group>";
		};
		3D8190D723BDD71800AD57CD /* Main.storyboard */ = {
			isa = PBXVariantGroup;
			children = (
				3D8190D823BDD71800AD57CD /* Base */,
			);
			name = Main.storyboard;
			sourceTree = "<group>";
		};
		3D8190DC23BDD71F00AD57CD /* LaunchScreen.storyboard */ = {
			isa = PBXVariantGroup;
			children = (
				3D8190DD23BDD71F00AD57CD /* Base */,
			);
			name = LaunchScreen.storyboard;
			sourceTree = "<group>";
		};
/* End PBXVariantGroup section */

/* Begin XCBuildConfiguration section */
		3D55C95E23705A48006A5FDB /* Debug */ = {
			isa = XCBuildConfiguration;
			buildSettings = {
				ALWAYS_SEARCH_USER_PATHS = NO;
				CLANG_ANALYZER_NONNULL = YES;
				CLANG_ANALYZER_NUMBER_OBJECT_CONVERSION = YES_AGGRESSIVE;
				CLANG_CXX_LANGUAGE_STANDARD = "gnu++14";
				CLANG_CXX_LIBRARY = "libc++";
				CLANG_ENABLE_MODULES = YES;
				CLANG_ENABLE_OBJC_ARC = YES;
				CLANG_ENABLE_OBJC_WEAK = YES;
				CLANG_WARN_BLOCK_CAPTURE_AUTORELEASING = YES;
				CLANG_WARN_BOOL_CONVERSION = YES;
				CLANG_WARN_COMMA = YES;
				CLANG_WARN_CONSTANT_CONVERSION = YES;
				CLANG_WARN_DEPRECATED_OBJC_IMPLEMENTATIONS = YES;
				CLANG_WARN_DIRECT_OBJC_ISA_USAGE = YES_ERROR;
				CLANG_WARN_DOCUMENTATION_COMMENTS = YES;
				CLANG_WARN_EMPTY_BODY = YES;
				CLANG_WARN_ENUM_CONVERSION = YES;
				CLANG_WARN_INFINITE_RECURSION = YES;
				CLANG_WARN_INT_CONVERSION = YES;
				CLANG_WARN_NON_LITERAL_NULL_CONVERSION = YES;
				CLANG_WARN_OBJC_IMPLICIT_RETAIN_SELF = YES;
				CLANG_WARN_OBJC_LITERAL_CONVERSION = YES;
				CLANG_WARN_OBJC_ROOT_CLASS = YES_ERROR;
				CLANG_WARN_RANGE_LOOP_ANALYSIS = YES;
				CLANG_WARN_STRICT_PROTOTYPES = YES;
				CLANG_WARN_SUSPICIOUS_MOVE = YES;
				CLANG_WARN_UNGUARDED_AVAILABILITY = YES_AGGRESSIVE;
				CLANG_WARN_UNREACHABLE_CODE = YES;
				CLANG_WARN__DUPLICATE_METHOD_MATCH = YES;
				CODE_SIGN_IDENTITY = "iPhone Developer";
				COPY_PHASE_STRIP = NO;
				DEBUG_INFORMATION_FORMAT = dwarf;
				ENABLE_STRICT_OBJC_MSGSEND = YES;
				ENABLE_TESTABILITY = YES;
				GCC_C_LANGUAGE_STANDARD = gnu11;
				GCC_DYNAMIC_NO_PIC = NO;
				GCC_NO_COMMON_BLOCKS = YES;
				GCC_OPTIMIZATION_LEVEL = 0;
				GCC_PREPROCESSOR_DEFINITIONS = (
					"DEBUG=1",
					"$(inherited)",
				);
				GCC_WARN_64_TO_32_BIT_CONVERSION = YES;
				GCC_WARN_ABOUT_RETURN_TYPE = YES_ERROR;
				GCC_WARN_UNDECLARED_SELECTOR = YES;
				GCC_WARN_UNINITIALIZED_AUTOS = YES_AGGRESSIVE;
				GCC_WARN_UNUSED_FUNCTION = YES;
				GCC_WARN_UNUSED_VARIABLE = YES;
				IPHONEOS_DEPLOYMENT_TARGET = 12.4;
				MTL_ENABLE_DEBUG_INFO = INCLUDE_SOURCE;
				MTL_FAST_MATH = YES;
				ONLY_ACTIVE_ARCH = YES;
				SDKROOT = iphoneos;
			};
			name = Debug;
		};
		3D55C95F23705A48006A5FDB /* Release */ = {
			isa = XCBuildConfiguration;
			buildSettings = {
				ALWAYS_SEARCH_USER_PATHS = NO;
				CLANG_ANALYZER_NONNULL = YES;
				CLANG_ANALYZER_NUMBER_OBJECT_CONVERSION = YES_AGGRESSIVE;
				CLANG_CXX_LANGUAGE_STANDARD = "gnu++14";
				CLANG_CXX_LIBRARY = "libc++";
				CLANG_ENABLE_MODULES = YES;
				CLANG_ENABLE_OBJC_ARC = YES;
				CLANG_ENABLE_OBJC_WEAK = YES;
				CLANG_WARN_BLOCK_CAPTURE_AUTORELEASING = YES;
				CLANG_WARN_BOOL_CONVERSION = YES;
				CLANG_WARN_COMMA = YES;
				CLANG_WARN_CONSTANT_CONVERSION = YES;
				CLANG_WARN_DEPRECATED_OBJC_IMPLEMENTATIONS = YES;
				CLANG_WARN_DIRECT_OBJC_ISA_USAGE = YES_ERROR;
				CLANG_WARN_DOCUMENTATION_COMMENTS = YES;
				CLANG_WARN_EMPTY_BODY = YES;
				CLANG_WARN_ENUM_CONVERSION = YES;
				CLANG_WARN_INFINITE_RECURSION = YES;
				CLANG_WARN_INT_CONVERSION = YES;
				CLANG_WARN_NON_LITERAL_NULL_CONVERSION = YES;
				CLANG_WARN_OBJC_IMPLICIT_RETAIN_SELF = YES;
				CLANG_WARN_OBJC_LITERAL_CONVERSION = YES;
				CLANG_WARN_OBJC_ROOT_CLASS = YES_ERROR;
				CLANG_WARN_RANGE_LOOP_ANALYSIS = YES;
				CLANG_WARN_STRICT_PROTOTYPES = YES;
				CLANG_WARN_SUSPICIOUS_MOVE = YES;
				CLANG_WARN_UNGUARDED_AVAILABILITY = YES_AGGRESSIVE;
				CLANG_WARN_UNREACHABLE_CODE = YES;
				CLANG_WARN__DUPLICATE_METHOD_MATCH = YES;
				CODE_SIGN_IDENTITY = "iPhone Developer";
				COPY_PHASE_STRIP = NO;
				DEBUG_INFORMATION_FORMAT = "dwarf-with-dsym";
				ENABLE_NS_ASSERTIONS = NO;
				ENABLE_STRICT_OBJC_MSGSEND = YES;
				GCC_C_LANGUAGE_STANDARD = gnu11;
				GCC_NO_COMMON_BLOCKS = YES;
				GCC_WARN_64_TO_32_BIT_CONVERSION = YES;
				GCC_WARN_ABOUT_RETURN_TYPE = YES_ERROR;
				GCC_WARN_UNDECLARED_SELECTOR = YES;
				GCC_WARN_UNINITIALIZED_AUTOS = YES_AGGRESSIVE;
				GCC_WARN_UNUSED_FUNCTION = YES;
				GCC_WARN_UNUSED_VARIABLE = YES;
				IPHONEOS_DEPLOYMENT_TARGET = 12.4;
				MTL_ENABLE_DEBUG_INFO = NO;
				MTL_FAST_MATH = YES;
				SDKROOT = iphoneos;
				VALIDATE_PRODUCT = YES;
			};
			name = Release;
		};
		3D55C96123705A48006A5FDB /* Debug */ = {
			isa = XCBuildConfiguration;
			buildSettings = {
				ASSETCATALOG_COMPILER_APPICON_NAME = AppIcon;
				CODE_SIGN_STYLE = Manual;
				DEVELOPMENT_TEAM = "";
				INFOPLIST_FILE = RuntimeDemo/Info.plist;
				LD_RUNPATH_SEARCH_PATHS = (
					"$(inherited)",
					"@executable_path/Frameworks",
				);
				PRODUCT_BUNDLE_IDENTIFIER = com.hwj.RuntimeDemo;
				PRODUCT_NAME = "$(TARGET_NAME)";
				PROVISIONING_PROFILE_SPECIFIER = "";
				TARGETED_DEVICE_FAMILY = "1,2";
			};
			name = Debug;
		};
		3D55C96223705A48006A5FDB /* Release */ = {
			isa = XCBuildConfiguration;
			buildSettings = {
				ASSETCATALOG_COMPILER_APPICON_NAME = AppIcon;
				CODE_SIGN_STYLE = Manual;
				DEVELOPMENT_TEAM = "";
				INFOPLIST_FILE = RuntimeDemo/Info.plist;
				LD_RUNPATH_SEARCH_PATHS = (
					"$(inherited)",
					"@executable_path/Frameworks",
				);
				PRODUCT_BUNDLE_IDENTIFIER = com.hwj.RuntimeDemo;
				PRODUCT_NAME = "$(TARGET_NAME)";
				PROVISIONING_PROFILE_SPECIFIER = "";
				TARGETED_DEVICE_FAMILY = "1,2";
			};
			name = Release;
		};
		3D8190E123BDD71F00AD57CD /* Debug */ = {
			isa = XCBuildConfiguration;
			buildSettings = {
				ASSETCATALOG_COMPILER_APPICON_NAME = AppIcon;
				CODE_SIGN_STYLE = Automatic;
				INFOPLIST_FILE = "Swift-RuntimeDemo/Info.plist";
				IPHONEOS_DEPLOYMENT_TARGET = 13.2;
				LD_RUNPATH_SEARCH_PATHS = (
					"$(inherited)",
					"@executable_path/Frameworks",
				);
				PRODUCT_BUNDLE_IDENTIFIER = "test.Swift-RuntimeDemo";
				PRODUCT_NAME = "$(TARGET_NAME)";
				SWIFT_ACTIVE_COMPILATION_CONDITIONS = DEBUG;
				SWIFT_OPTIMIZATION_LEVEL = "-Onone";
				SWIFT_VERSION = 5.0;
				TARGETED_DEVICE_FAMILY = "1,2";
			};
			name = Debug;
		};
		3D8190E223BDD71F00AD57CD /* Release */ = {
			isa = XCBuildConfiguration;
			buildSettings = {
				ASSETCATALOG_COMPILER_APPICON_NAME = AppIcon;
				CODE_SIGN_STYLE = Automatic;
				INFOPLIST_FILE = "Swift-RuntimeDemo/Info.plist";
				IPHONEOS_DEPLOYMENT_TARGET = 13.2;
				LD_RUNPATH_SEARCH_PATHS = (
					"$(inherited)",
					"@executable_path/Frameworks",
				);
				PRODUCT_BUNDLE_IDENTIFIER = "test.Swift-RuntimeDemo";
				PRODUCT_NAME = "$(TARGET_NAME)";
				SWIFT_COMPILATION_MODE = wholemodule;
				SWIFT_OPTIMIZATION_LEVEL = "-O";
				SWIFT_VERSION = 5.0;
				TARGETED_DEVICE_FAMILY = "1,2";
			};
			name = Release;
		};
/* End XCBuildConfiguration section */

/* Begin XCConfigurationList section */
		3D55C94523705A41006A5FDB /* Build configuration list for PBXProject "RuntimeDemo" */ = {
			isa = XCConfigurationList;
			buildConfigurations = (
				3D55C95E23705A48006A5FDB /* Debug */,
				3D55C95F23705A48006A5FDB /* Release */,
			);
			defaultConfigurationIsVisible = 0;
			defaultConfigurationName = Release;
		};
		3D55C96023705A48006A5FDB /* Build configuration list for PBXNativeTarget "RuntimeDemo" */ = {
			isa = XCConfigurationList;
			buildConfigurations = (
				3D55C96123705A48006A5FDB /* Debug */,
				3D55C96223705A48006A5FDB /* Release */,
			);
			defaultConfigurationIsVisible = 0;
			defaultConfigurationName = Release;
		};
		3D8190E023BDD71F00AD57CD /* Build configuration list for PBXNativeTarget "Swift-RuntimeDemo" */ = {
			isa = XCConfigurationList;
			buildConfigurations = (
				3D8190E123BDD71F00AD57CD /* Debug */,
				3D8190E223BDD71F00AD57CD /* Release */,
			);
			defaultConfigurationIsVisible = 0;
			defaultConfigurationName = Release;
		};
/* End XCConfigurationList section */
	};
	rootObject = 3D55C94223705A41006A5FDB /* Project object */;
}
